
Microsoft Visual Studio Solution File, Format Version 12.00
# Visual Studio Version 17
VisualStudioVersion = 17.10.35013.160
MinimumVisualStudioVersion = 10.0.40219.1
Project("{FAE04EC0-301F-11D3-BF4B-00C04F79EFBC}") = "Mvc_A", "Mvc_A\Mvc_A.csproj", "{ED14EAD8-6B91-4E37-8CE6-2AA15B29F35E}"
EndProject
Project("{FAE04EC0-301F-11D3-BF4B-00C04F79EFBC}") = "Mvc_B", "Mvc_B\Mvc_B.csproj", "{7530862E-CD7F-418B-B6BE-85680A443011}"
EndProject
Project("{FAE04EC0-301F-11D3-BF4B-00C04F79EFBC}") = "RazorLib", "RazorLib\RazorLib.csproj", "{2941393C-E100-41C1-8751-59EE685F3557}"
EndProject
Global
	GlobalSection(SolutionConfigurationPlatforms) = preSolution
		Debug|Any CPU = Debug|Any CPU
		Release|Any CPU = Release|Any CPU
	EndGlobalSection
	GlobalSection(ProjectConfigurationPlatforms) = postSolution
		{ED14EAD8-6B91-4E37-8CE6-2AA15B29F35E}.Debug|Any CPU.ActiveCfg = Debug|Any CPU
		{ED14EAD8-6B91-4E37-8CE6-2AA15B29F35E}.Debug|Any CPU.Build.0 = Debug|Any CPU
		{ED14EAD8-6B91-4E37-8CE6-2AA15B29F35E}.Release|Any CPU.ActiveCfg = Release|Any CPU
		{ED14EAD8-6B91-4E37-8CE6-2AA15B29F35E}.Release|Any CPU.Build.0 = Release|Any CPU
		{7530862E-CD7F-418B-B6BE-85680A443011}.Debug|Any CPU.ActiveCfg = Debug|Any CPU
		{7530862E-CD7F-418B-B6BE-85680A443011}.Debug|Any CPU.Build.0 = Debug|Any CPU
		{7530862E-CD7F-418B-B6BE-85680A443011}.Release|Any CPU.ActiveCfg = Release|Any CPU
		{7530862E-CD7F-418B-B6BE-85680A443011}.Release|Any CPU.Build.0 = Release|Any CPU
		{2941393C-E100-41C1-8751-59EE685F3557}.Debug|Any CPU.ActiveCfg = Debug|Any CPU
		{2941393C-E100-41C1-8751-59EE685F3557}.Debug|Any CPU.Build.0 = Debug|Any CPU
		{2941393C-E100-41C1-8751-59EE685F3557}.Release|Any CPU.ActiveCfg = Release|Any CPU
		{2941393C-E100-41C1-8751-59EE685F3557}.Release|Any CPU.Build.0 = Release|Any CPU
	EndGlobalSection
	GlobalSection(SolutionProperties) = preSolution
		HideSolutionNode = FALSE
	EndGlobalSection
	GlobalSection(ExtensibilityGlobals) = postSolution
		SolutionGuid = {FE100C90-85CD-4161-9453-C667601D45C7}
	EndGlobalSection
EndGlobal
